
Microsoft Visual Studio Solution File, Format Version 12.00
# Visual Studio 14
VisualStudioVersion = 14.0.25123.0
MinimumVisualStudioVersion = 10.0.40219.1
Project("{FAE04EC0-301F-11D3-BF4B-00C04F79EFBC}") = "PSR.Livraria.UnitTest", "PSR.Livraria.UnitTest\PSR.Livraria.UnitTest.csproj", "{64201ADF-9670-4E14-A53D-A6CA799325D1}"
EndProject
Project("{FAE04EC0-301F-11D3-BF4B-00C04F79EFBC}") = "PSR.Livraria.WEB", "PSR.Livraria.WEB\PSR.Livraria.WEB.csproj", "{10C22AF2-A73C-487C-84AA-438055320F17}"
EndProject
Global
	GlobalSection(SolutionConfigurationPlatforms) = preSolution
		Debug|Any CPU = Debug|Any CPU
		Release|Any CPU = Release|Any CPU
	EndGlobalSection
	GlobalSection(ProjectConfigurationPlatforms) = postSolution
		{64201ADF-9670-4E14-A53D-A6CA799325D1}.Debug|Any CPU.ActiveCfg = Debug|Any CPU
		{64201ADF-9670-4E14-A53D-A6CA799325D1}.Debug|Any CPU.Build.0 = Debug|Any CPU
		{64201ADF-9670-4E14-A53D-A6CA799325D1}.Release|Any CPU.ActiveCfg = Release|Any CPU
		{64201ADF-9670-4E14-A53D-A6CA799325D1}.Release|Any CPU.Build.0 = Release|Any CPU
		{10C22AF2-A73C-487C-84AA-438055320F17}.Debug|Any CPU.ActiveCfg = Debug|Any CPU
		{10C22AF2-A73C-487C-84AA-438055320F17}.Debug|Any CPU.Build.0 = Debug|Any CPU
		{10C22AF2-A73C-487C-84AA-438055320F17}.Release|Any CPU.ActiveCfg = Release|Any CPU
		{10C22AF2-A73C-487C-84AA-438055320F17}.Release|Any CPU.Build.0 = Release|Any CPU
	EndGlobalSection
	GlobalSection(SolutionProperties) = preSolution
		HideSolutionNode = FALSE
	EndGlobalSection
EndGlobal
